// !$*UTF8*$!
{
	archiveVersion = 1;
	classes = {
	};
	objectVersion = 50;
	objects = {

/* Begin PBXBuildFile section */
		F29D6181240595BA00E85F11 /* AppDelegate.swift in Sources */ = {isa = PBXBuildFile; fileRef = F29D6180240595BA00E85F11 /* AppDelegate.swift */; };
		F29D6183240595BA00E85F11 /* SceneDelegate.swift in Sources */ = {isa = PBXBuildFile; fileRef = F29D6182240595BA00E85F11 /* SceneDelegate.swift */; };
		F29D6185240595BA00E85F11 /* ViewController.swift in Sources */ = {isa = PBXBuildFile; fileRef = F29D6184240595BA00E85F11 /* ViewController.swift */; };
		F29D6188240595BA00E85F11 /* Main.storyboard in Resources */ = {isa = PBXBuildFile; fileRef = F29D6186240595BA00E85F11 /* Main.storyboard */; };
		F29D618A240595BB00E85F11 /* Assets.xcassets in Resources */ = {isa = PBXBuildFile; fileRef = F29D6189240595BB00E85F11 /* Assets.xcassets */; };
		F29D618D240595BB00E85F11 /* LaunchScreen.storyboard in Resources */ = {isa = PBXBuildFile; fileRef = F29D618B240595BB00E85F11 /* LaunchScreen.storyboard */; };
/* End PBXBuildFile section */

/* Begin PBXContainerItemProxy section */
		F29D6199240595DB00E85F11 /* PBXContainerItemProxy */ = {
			isa = PBXContainerItemProxy;
			containerPortal = F29D6194240595DB00E85F11 /* MapleBacon.xcodeproj */;
			proxyType = 2;
			remoteGlobalIDString = F247A23E23FF15410083DB03;
			remoteInfo = MapleBacon;
		};
		F29D619B240595DB00E85F11 /* PBXContainerItemProxy */ = {
			isa = PBXContainerItemProxy;
			containerPortal = F29D6194240595DB00E85F11 /* MapleBacon.xcodeproj */;
			proxyType = 2;
			remoteGlobalIDString = F247A24723FF15410083DB03;
			remoteInfo = MapleBaconTests;
		};
/* End PBXContainerItemProxy section */

/* Begin PBXFileReference section */
		F29D617D240595BA00E85F11 /* MapleBacon Example.app */ = {isa = PBXFileReference; explicitFileType = wrapper.application; includeInIndex = 0; path = "MapleBacon Example.app"; sourceTree = BUILT_PRODUCTS_DIR; };
		F29D6180240595BA00E85F11 /* AppDelegate.swift */ = {isa = PBXFileReference; lastKnownFileType = sourcecode.swift; path = AppDelegate.swift; sourceTree = "<group>"; };
		F29D6182240595BA00E85F11 /* SceneDelegate.swift */ = {isa = PBXFileReference; lastKnownFileType = sourcecode.swift; path = SceneDelegate.swift; sourceTree = "<group>"; };
		F29D6184240595BA00E85F11 /* ViewController.swift */ = {isa = PBXFileReference; lastKnownFileType = sourcecode.swift; path = ViewController.swift; sourceTree = "<group>"; };
		F29D6187240595BA00E85F11 /* Base */ = {isa = PBXFileReference; lastKnownFileType = file.storyboard; name = Base; path = Base.lproj/Main.storyboard; sourceTree = "<group>"; };
		F29D6189240595BB00E85F11 /* Assets.xcassets */ = {isa = PBXFileReference; lastKnownFileType = folder.assetcatalog; path = Assets.xcassets; sourceTree = "<group>"; };
		F29D618C240595BB00E85F11 /* Base */ = {isa = PBXFileReference; lastKnownFileType = file.storyboard; name = Base; path = Base.lproj/LaunchScreen.storyboard; sourceTree = "<group>"; };
		F29D618E240595BB00E85F11 /* Info.plist */ = {isa = PBXFileReference; lastKnownFileType = text.plist.xml; path = Info.plist; sourceTree = "<group>"; };
		F29D6194240595DB00E85F11 /* MapleBacon.xcodeproj */ = {isa = PBXFileReference; lastKnownFileType = "wrapper.pb-project"; name = MapleBacon.xcodeproj; path = ../MapleBacon/MapleBacon.xcodeproj; sourceTree = "<group>"; };
/* End PBXFileReference section */

/* Begin PBXFrameworksBuildPhase section */
		F29D617A240595BA00E85F11 /* Frameworks */ = {
			isa = PBXFrameworksBuildPhase;
			buildActionMask = 2147483647;
			files = (
			);
			runOnlyForDeploymentPostprocessing = 0;
		};
/* End PBXFrameworksBuildPhase section */

/* Begin PBXGroup section */
		F29D6174240595BA00E85F11 = {
			isa = PBXGroup;
			children = (
				F29D6194240595DB00E85F11 /* MapleBacon.xcodeproj */,
				F29D617F240595BA00E85F11 /* MapleBacon Example */,
				F29D617E240595BA00E85F11 /* Products */,
			);
			indentWidth = 2;
			sourceTree = "<group>";
			tabWidth = 2;
		};
		F29D617E240595BA00E85F11 /* Products */ = {
			isa = PBXGroup;
			children = (
				F29D617D240595BA00E85F11 /* MapleBacon Example.app */,
			);
			name = Products;
			sourceTree = "<group>";
		};
		F29D617F240595BA00E85F11 /* MapleBacon Example */ = {
			isa = PBXGroup;
			children = (
				F29D6180240595BA00E85F11 /* AppDelegate.swift */,
				F29D6182240595BA00E85F11 /* SceneDelegate.swift */,
				F29D6184240595BA00E85F11 /* ViewController.swift */,
				F29D6186240595BA00E85F11 /* Main.storyboard */,
				F29D6189240595BB00E85F11 /* Assets.xcassets */,
				F29D618B240595BB00E85F11 /* LaunchScreen.storyboard */,
				F29D618E240595BB00E85F11 /* Info.plist */,
			);
			path = "MapleBacon Example";
			sourceTree = "<group>";
		};
		F29D6195240595DB00E85F11 /* Products */ = {
			isa = PBXGroup;
			children = (
				F29D619A240595DB00E85F11 /* MapleBacon.framework */,
				F29D619C240595DB00E85F11 /* MapleBaconTests.xctest */,
			);
			name = Products;
			sourceTree = "<group>";
		};
/* End PBXGroup section */

/* Begin PBXNativeTarget section */
		F29D617C240595BA00E85F11 /* MapleBacon Example */ = {
			isa = PBXNativeTarget;
			buildConfigurationList = F29D6191240595BB00E85F11 /* Build configuration list for PBXNativeTarget "MapleBacon Example" */;
			buildPhases = (
				F29D6179240595BA00E85F11 /* Sources */,
				F29D617A240595BA00E85F11 /* Frameworks */,
				F29D617B240595BA00E85F11 /* Resources */,
			);
			buildRules = (
			);
			dependencies = (
			);
			name = "MapleBacon Example";
			productName = "MapleBacon Example";
			productReference = F29D617D240595BA00E85F11 /* MapleBacon Example.app */;
			productType = "com.apple.product-type.application";
		};
/* End PBXNativeTarget section */

/* Begin PBXProject section */
		F29D6175240595BA00E85F11 /* Project object */ = {
			isa = PBXProject;
			attributes = {
				LastSwiftUpdateCheck = 1140;
				LastUpgradeCheck = 1140;
				ORGANIZATIONNAME = Schnaub;
				TargetAttributes = {
					F29D617C240595BA00E85F11 = {
						CreatedOnToolsVersion = 11.4;
					};
				};
			};
			buildConfigurationList = F29D6178240595BA00E85F11 /* Build configuration list for PBXProject "MapleBacon Example" */;
			compatibilityVersion = "Xcode 9.3";
			developmentRegion = en;
			hasScannedForEncodings = 0;
			knownRegions = (
				en,
				Base,
			);
			mainGroup = F29D6174240595BA00E85F11;
			productRefGroup = F29D617E240595BA00E85F11 /* Products */;
			projectDirPath = "";
			projectReferences = (
				{
					ProductGroup = F29D6195240595DB00E85F11 /* Products */;
					ProjectRef = F29D6194240595DB00E85F11 /* MapleBacon.xcodeproj */;
				},
			);
			projectRoot = "";
			targets = (
				F29D617C240595BA00E85F11 /* MapleBacon Example */,
			);
		};
/* End PBXProject section */

/* Begin PBXReferenceProxy section */
		F29D619A240595DB00E85F11 /* MapleBacon.framework */ = {
			isa = PBXReferenceProxy;
			fileType = wrapper.framework;
			path = MapleBacon.framework;
			remoteRef = F29D6199240595DB00E85F11 /* PBXContainerItemProxy */;
			sourceTree = BUILT_PRODUCTS_DIR;
		};
		F29D619C240595DB00E85F11 /* MapleBaconTests.xctest */ = {
			isa = PBXReferenceProxy;
			fileType = wrapper.cfbundle;
			path = MapleBaconTests.xctest;
			remoteRef = F29D619B240595DB00E85F11 /* PBXContainerItemProxy */;
			sourceTree = BUILT_PRODUCTS_DIR;
		};
/* End PBXReferenceProxy section */

/* Begin PBXResourcesBuildPhase section */
		F29D617B240595BA00E85F11 /* Resources */ = {
			isa = PBXResourcesBuildPhase;
			buildActionMask = 2147483647;
			files = (
				F29D618D240595BB00E85F11 /* LaunchScreen.storyboard in Resources */,
				F29D618A240595BB00E85F11 /* Assets.xcassets in Resources */,
				F29D6188240595BA00E85F11 /* Main.storyboard in Resources */,
			);
			runOnlyForDeploymentPostprocessing = 0;
		};
/* End PBXResourcesBuildPhase section */

/* Begin PBXSourcesBuildPhase section */
		F29D6179240595BA00E85F11 /* Sources */ = {
			isa = PBXSourcesBuildPhase;
			buildActionMask = 2147483647;
			files = (
				F29D6185240595BA00E85F11 /* ViewController.swift in Sources */,
				F29D6181240595BA00E85F11 /* AppDelegate.swift in Sources */,
				F29D6183240595BA00E85F11 /* SceneDelegate.swift in Sources */,
			);
			runOnlyForDeploymentPostprocessing = 0;
		};
/* End PBXSourcesBuildPhase section */

/* Begin PBXVariantGroup section */
		F29D6186240595BA00E85F11 /* Main.storyboard */ = {
			isa = PBXVariantGroup;
			children = (
				F29D6187240595BA00E85F11 /* Base */,
			);
			name = Main.storyboard;
			sourceTree = "<group>";
		};
		F29D618B240595BB00E85F11 /* LaunchScreen.storyboard */ = {
			isa = PBXVariantGroup;
			children = (
				F29D618C240595BB00E85F11 /* Base */,
			);
			name = LaunchScreen.storyboard;
			sourceTree = "<group>";
		};
/* End PBXVariantGroup section */

/* Begin XCBuildConfiguration section */
		F29D618F240595BB00E85F11 /* Debug */ = {
			isa = XCBuildConfiguration;
			buildSettings = {
				ALWAYS_SEARCH_USER_PATHS = NO;
				CLANG_ANALYZER_NONNULL = YES;
				CLANG_ANALYZER_NUMBER_OBJECT_CONVERSION = YES_AGGRESSIVE;
				CLANG_CXX_LANGUAGE_STANDARD = "gnu++14";
				CLANG_CXX_LIBRARY = "libc++";
				CLANG_ENABLE_MODULES = YES;
				CLANG_ENABLE_OBJC_ARC = YES;
				CLANG_ENABLE_OBJC_WEAK = YES;
				CLANG_WARN_BLOCK_CAPTURE_AUTORELEASING = YES;
				CLANG_WARN_BOOL_CONVERSION = YES;
				CLANG_WARN_COMMA = YES;
				CLANG_WARN_CONSTANT_CONVERSION = YES;
				CLANG_WARN_DEPRECATED_OBJC_IMPLEMENTATIONS = YES;
				CLANG_WARN_DIRECT_OBJC_ISA_USAGE = YES_ERROR;
				CLANG_WARN_DOCUMENTATION_COMMENTS = YES;
				CLANG_WARN_EMPTY_BODY = YES;
				CLANG_WARN_ENUM_CONVERSION = YES;
				CLANG_WARN_INFINITE_RECURSION = YES;
				CLANG_WARN_INT_CONVERSION = YES;
				CLANG_WARN_NON_LITERAL_NULL_CONVERSION = YES;
				CLANG_WARN_OBJC_IMPLICIT_RETAIN_SELF = YES;
				CLANG_WARN_OBJC_LITERAL_CONVERSION = YES;
				CLANG_WARN_OBJC_ROOT_CLASS = YES_ERROR;
				CLANG_WARN_RANGE_LOOP_ANALYSIS = YES;
				CLANG_WARN_STRICT_PROTOTYPES = YES;
				CLANG_WARN_SUSPICIOUS_MOVE = YES;
				CLANG_WARN_UNGUARDED_AVAILABILITY = YES_AGGRESSIVE;
				CLANG_WARN_UNREACHABLE_CODE = YES;
				CLANG_WARN__DUPLICATE_METHOD_MATCH = YES;
				COPY_PHASE_STRIP = NO;
				DEBUG_INFORMATION_FORMAT = dwarf;
				ENABLE_STRICT_OBJC_MSGSEND = YES;
				ENABLE_TESTABILITY = YES;
				GCC_C_LANGUAGE_STANDARD = gnu11;
				GCC_DYNAMIC_NO_PIC = NO;
				GCC_NO_COMMON_BLOCKS = YES;
				GCC_OPTIMIZATION_LEVEL = 0;
				GCC_PREPROCESSOR_DEFINITIONS = (
					"DEBUG=1",
					"$(inherited)",
				);
				GCC_WARN_64_TO_32_BIT_CONVERSION = YES;
				GCC_WARN_ABOUT_RETURN_TYPE = YES_ERROR;
				GCC_WARN_UNDECLARED_SELECTOR = YES;
				GCC_WARN_UNINITIALIZED_AUTOS = YES_AGGRESSIVE;
				GCC_WARN_UNUSED_FUNCTION = YES;
				GCC_WARN_UNUSED_VARIABLE = YES;
				IPHONEOS_DEPLOYMENT_TARGET = 13.4;
				MTL_ENABLE_DEBUG_INFO = INCLUDE_SOURCE;
				MTL_FAST_MATH = YES;
				ONLY_ACTIVE_ARCH = YES;
				SDKROOT = iphoneos;
				SWIFT_ACTIVE_COMPILATION_CONDITIONS = DEBUG;
				SWIFT_OPTIMIZATION_LEVEL = "-Onone";
			};
			name = Debug;
		};
		F29D6190240595BB00E85F11 /* Release */ = {
			isa = XCBuildConfiguration;
			buildSettings = {
				ALWAYS_SEARCH_USER_PATHS = NO;
				CLANG_ANALYZER_NONNULL = YES;
				CLANG_ANALYZER_NUMBER_OBJECT_CONVERSION = YES_AGGRESSIVE;
				CLANG_CXX_LANGUAGE_STANDARD = "gnu++14";
				CLANG_CXX_LIBRARY = "libc++";
				CLANG_ENABLE_MODULES = YES;
				CLANG_ENABLE_OBJC_ARC = YES;
				CLANG_ENABLE_OBJC_WEAK = YES;
				CLANG_WARN_BLOCK_CAPTURE_AUTORELEASING = YES;
				CLANG_WARN_BOOL_CONVERSION = YES;
				CLANG_WARN_COMMA = YES;
				CLANG_WARN_CONSTANT_CONVERSION = YES;
				CLANG_WARN_DEPRECATED_OBJC_IMPLEMENTATIONS = YES;
				CLANG_WARN_DIRECT_OBJC_ISA_USAGE = YES_ERROR;
				CLANG_WARN_DOCUMENTATION_COMMENTS = YES;
				CLANG_WARN_EMPTY_BODY = YES;
				CLANG_WARN_ENUM_CONVERSION = YES;
				CLANG_WARN_INFINITE_RECURSION = YES;
				CLANG_WARN_INT_CONVERSION = YES;
				CLANG_WARN_NON_LITERAL_NULL_CONVERSION = YES;
				CLANG_WARN_OBJC_IMPLICIT_RETAIN_SELF = YES;
				CLANG_WARN_OBJC_LITERAL_CONVERSION = YES;
				CLANG_WARN_OBJC_ROOT_CLASS = YES_ERROR;
				CLANG_WARN_RANGE_LOOP_ANALYSIS = YES;
				CLANG_WARN_STRICT_PROTOTYPES = YES;
				CLANG_WARN_SUSPICIOUS_MOVE = YES;
				CLANG_WARN_UNGUARDED_AVAILABILITY = YES_AGGRESSIVE;
				CLANG_WARN_UNREACHABLE_CODE = YES;
				CLANG_WARN__DUPLICATE_METHOD_MATCH = YES;
				COPY_PHASE_STRIP = NO;
				DEBUG_INFORMATION_FORMAT = "dwarf-with-dsym";
				ENABLE_NS_ASSERTIONS = NO;
				ENABLE_STRICT_OBJC_MSGSEND = YES;
				GCC_C_LANGUAGE_STANDARD = gnu11;
				GCC_NO_COMMON_BLOCKS = YES;
				GCC_WARN_64_TO_32_BIT_CONVERSION = YES;
				GCC_WARN_ABOUT_RETURN_TYPE = YES_ERROR;
				GCC_WARN_UNDECLARED_SELECTOR = YES;
				GCC_WARN_UNINITIALIZED_AUTOS = YES_AGGRESSIVE;
				GCC_WARN_UNUSED_FUNCTION = YES;
				GCC_WARN_UNUSED_VARIABLE = YES;
				IPHONEOS_DEPLOYMENT_TARGET = 13.4;
				MTL_ENABLE_DEBUG_INFO = NO;
				MTL_FAST_MATH = YES;
				SDKROOT = iphoneos;
				SWIFT_COMPILATION_MODE = wholemodule;
				SWIFT_OPTIMIZATION_LEVEL = "-O";
				VALIDATE_PRODUCT = YES;
			};
			name = Release;
		};
		F29D6192240595BB00E85F11 /* Debug */ = {
			isa = XCBuildConfiguration;
			buildSettings = {
				ASSETCATALOG_COMPILER_APPICON_NAME = AppIcon;
				CODE_SIGN_STYLE = Automatic;
				DEVELOPMENT_TEAM = CPRVB9W254;
				INFOPLIST_FILE = "MapleBacon Example/Info.plist";
				LD_RUNPATH_SEARCH_PATHS = (
					"$(inherited)",
					"@executable_path/Frameworks",
				);
				PRODUCT_BUNDLE_IDENTIFIER = "com.schnaub.MapleBacon-Example";
				PRODUCT_NAME = "$(TARGET_NAME)";
				SWIFT_VERSION = 5.0;
				TARGETED_DEVICE_FAMILY = "1,2";
			};
			name = Debug;
		};
		F29D6193240595BB00E85F11 /* Release */ = {
			isa = XCBuildConfiguration;
			buildSettings = {
				ASSETCATALOG_COMPILER_APPICON_NAME = AppIcon;
				CODE_SIGN_STYLE = Automatic;
				DEVELOPMENT_TEAM = CPRVB9W254;
				INFOPLIST_FILE = "MapleBacon Example/Info.plist";
				LD_RUNPATH_SEARCH_PATHS = (
					"$(inherited)",
					"@executable_path/Frameworks",
				);
				PRODUCT_BUNDLE_IDENTIFIER = "com.schnaub.MapleBacon-Example";
				PRODUCT_NAME = "$(TARGET_NAME)";
				SWIFT_VERSION = 5.0;
				TARGETED_DEVICE_FAMILY = "1,2";
			};
			name = Release;
		};
/* End XCBuildConfiguration section */

/* Begin XCConfigurationList section */
		F29D6178240595BA00E85F11 /* Build configuration list for PBXProject "MapleBacon Example" */ = {
			isa = XCConfigurationList;
			buildConfigurations = (
				F29D618F240595BB00E85F11 /* Debug */,
				F29D6190240595BB00E85F11 /* Release */,
			);
			defaultConfigurationIsVisible = 0;
			defaultConfigurationName = Release;
		};
		F29D6191240595BB00E85F11 /* Build configuration list for PBXNativeTarget "MapleBacon Example" */ = {
			isa = XCConfigurationList;
			buildConfigurations = (
				F29D6192240595BB00E85F11 /* Debug */,
				F29D6193240595BB00E85F11 /* Release */,
			);
			defaultConfigurationIsVisible = 0;
			defaultConfigurationName = Release;
		};
/* End XCConfigurationList section */
	};
	rootObject = F29D6175240595BA00E85F11 /* Project object */;
}
