// !$*UTF8*$!
{
	archiveVersion = 1;
	classes = {
	};
	objectVersion = 46;
	objects = {

/* Begin PBXBuildFile section */
		26B7022D1A40710100E3FB72 /* ImageManagerExample.swift in Sources */ = {isa = PBXBuildFile; fileRef = 26B7022C1A40710100E3FB72 /* ImageManagerExample.swift */; };
		F2AB72741A40395200CCE62B /* AppDelegate.swift in Sources */ = {isa = PBXBuildFile; fileRef = F2AB72731A40395200CCE62B /* AppDelegate.swift */; };
		F2AB72761A40395200CCE62B /* ViewController.swift in Sources */ = {isa = PBXBuildFile; fileRef = F2AB72751A40395200CCE62B /* ViewController.swift */; };
		F2AB727B1A40395200CCE62B /* Images.xcassets in Resources */ = {isa = PBXBuildFile; fileRef = F2AB727A1A40395200CCE62B /* Images.xcassets */; };
		F2AB72A31A4039EC00CCE62B /* ResizerResultView.swift in Sources */ = {isa = PBXBuildFile; fileRef = F2AB729F1A4039EC00CCE62B /* ResizerResultView.swift */; };
		F2AB72A41A4039EC00CCE62B /* ResizerResultViewController.swift in Sources */ = {isa = PBXBuildFile; fileRef = F2AB72A01A4039EC00CCE62B /* ResizerResultViewController.swift */; };
		F2AB72A51A4039EC00CCE62B /* ResizerTestViewController.swift in Sources */ = {isa = PBXBuildFile; fileRef = F2AB72A11A4039EC00CCE62B /* ResizerTestViewController.swift */; };
		F2AB72A61A4039EC00CCE62B /* UIContentModeExtension.swift in Sources */ = {isa = PBXBuildFile; fileRef = F2AB72A21A4039EC00CCE62B /* UIContentModeExtension.swift */; };
		F2AB72A81A403A3600CCE62B /* Main.storyboard in Resources */ = {isa = PBXBuildFile; fileRef = F2AB72A71A403A3600CCE62B /* Main.storyboard */; };
		F2BC10161A42C87D0087F256 /* imageURLs.plist in Resources */ = {isa = PBXBuildFile; fileRef = F2BC10151A42C87D0087F256 /* imageURLs.plist */; };
/* End PBXBuildFile section */

/* Begin PBXContainerItemProxy section */
		2600819C1B3311170010C64A /* PBXContainerItemProxy */ = {
			isa = PBXContainerItemProxy;
			containerPortal = 260081971B3311170010C64A /* MapleBacon.xcodeproj */;
			proxyType = 2;
			remoteGlobalIDString = F2520C481A3EDAFE0061BB33;
			remoteInfo = MapleBacon;
		};
		2600819E1B3311170010C64A /* PBXContainerItemProxy */ = {
			isa = PBXContainerItemProxy;
			containerPortal = 260081971B3311170010C64A /* MapleBacon.xcodeproj */;
			proxyType = 2;
			remoteGlobalIDString = F2520C531A3EDAFF0061BB33;
			remoteInfo = MapleBaconTests;
		};
		9434CF0B1D81E337006E6FEB /* PBXContainerItemProxy */ = {
			isa = PBXContainerItemProxy;
			containerPortal = 260081971B3311170010C64A /* MapleBacon.xcodeproj */;
			proxyType = 2;
			remoteGlobalIDString = 946B985B1C0C432B00B0276E;
			remoteInfo = "MapleBacon-tvOS";
		};
		94E710371D81E3F900A4509A /* PBXContainerItemProxy */ = {
			isa = PBXContainerItemProxy;
			containerPortal = 260081971B3311170010C64A /* MapleBacon.xcodeproj */;
			proxyType = 1;
			remoteGlobalIDString = F2520C471A3EDAFE0061BB33;
			remoteInfo = MapleBacon;
		};
		F2AB72841A40395200CCE62B /* PBXContainerItemProxy */ = {
			isa = PBXContainerItemProxy;
			containerPortal = F2AB72661A40395200CCE62B /* Project object */;
			proxyType = 1;
			remoteGlobalIDString = F2AB726D1A40395200CCE62B;
			remoteInfo = MapleBaconExample;
		};
/* End PBXContainerItemProxy section */

/* Begin PBXCopyFilesBuildPhase section */
		F2BC101E1A42DCF30087F256 /* Copy Frameworks */ = {
			isa = PBXCopyFilesBuildPhase;
			buildActionMask = 2147483647;
			dstPath = "";
			dstSubfolderSpec = 10;
			files = (
			);
			name = "Copy Frameworks";
			runOnlyForDeploymentPostprocessing = 0;
		};
/* End PBXCopyFilesBuildPhase section */

/* Begin PBXFileReference section */
		260081971B3311170010C64A /* MapleBacon.xcodeproj */ = {isa = PBXFileReference; lastKnownFileType = "wrapper.pb-project"; name = MapleBacon.xcodeproj; path = ../MapleBacon.xcodeproj; sourceTree = "<group>"; };
		26B7022C1A40710100E3FB72 /* ImageManagerExample.swift */ = {isa = PBXFileReference; fileEncoding = 4; lastKnownFileType = sourcecode.swift; path = ImageManagerExample.swift; sourceTree = "<group>"; };
		F2AB726E1A40395200CCE62B /* MapleBaconExample.app */ = {isa = PBXFileReference; explicitFileType = wrapper.application; includeInIndex = 0; path = MapleBaconExample.app; sourceTree = BUILT_PRODUCTS_DIR; };
		F2AB72721A40395200CCE62B /* Info.plist */ = {isa = PBXFileReference; lastKnownFileType = text.plist.xml; path = Info.plist; sourceTree = "<group>"; };
		F2AB72731A40395200CCE62B /* AppDelegate.swift */ = {isa = PBXFileReference; lastKnownFileType = sourcecode.swift; path = AppDelegate.swift; sourceTree = "<group>"; };
		F2AB72751A40395200CCE62B /* ViewController.swift */ = {isa = PBXFileReference; lastKnownFileType = sourcecode.swift; path = ViewController.swift; sourceTree = "<group>"; };
		F2AB727A1A40395200CCE62B /* Images.xcassets */ = {isa = PBXFileReference; lastKnownFileType = folder.assetcatalog; path = Images.xcassets; sourceTree = "<group>"; };
		F2AB72831A40395200CCE62B /* MapleBaconExampleTests.xctest */ = {isa = PBXFileReference; explicitFileType = wrapper.cfbundle; includeInIndex = 0; path = MapleBaconExampleTests.xctest; sourceTree = BUILT_PRODUCTS_DIR; };
		F2AB72881A40395200CCE62B /* Info.plist */ = {isa = PBXFileReference; lastKnownFileType = text.plist.xml; path = Info.plist; sourceTree = "<group>"; };
		F2AB729F1A4039EC00CCE62B /* ResizerResultView.swift */ = {isa = PBXFileReference; fileEncoding = 4; lastKnownFileType = sourcecode.swift; path = ResizerResultView.swift; sourceTree = "<group>"; };
		F2AB72A01A4039EC00CCE62B /* ResizerResultViewController.swift */ = {isa = PBXFileReference; fileEncoding = 4; lastKnownFileType = sourcecode.swift; path = ResizerResultViewController.swift; sourceTree = "<group>"; };
		F2AB72A11A4039EC00CCE62B /* ResizerTestViewController.swift */ = {isa = PBXFileReference; fileEncoding = 4; lastKnownFileType = sourcecode.swift; path = ResizerTestViewController.swift; sourceTree = "<group>"; };
		F2AB72A21A4039EC00CCE62B /* UIContentModeExtension.swift */ = {isa = PBXFileReference; fileEncoding = 4; lastKnownFileType = sourcecode.swift; path = UIContentModeExtension.swift; sourceTree = "<group>"; };
		F2AB72A71A403A3600CCE62B /* Main.storyboard */ = {isa = PBXFileReference; fileEncoding = 4; lastKnownFileType = file.storyboard; path = Main.storyboard; sourceTree = "<group>"; };
		F2BC10151A42C87D0087F256 /* imageURLs.plist */ = {isa = PBXFileReference; fileEncoding = 4; lastKnownFileType = text.plist.xml; path = imageURLs.plist; sourceTree = "<group>"; };
/* End PBXFileReference section */

/* Begin PBXFrameworksBuildPhase section */
		F2AB726B1A40395200CCE62B /* Frameworks */ = {
			isa = PBXFrameworksBuildPhase;
			buildActionMask = 2147483647;
			files = (
			);
			runOnlyForDeploymentPostprocessing = 0;
		};
		F2AB72801A40395200CCE62B /* Frameworks */ = {
			isa = PBXFrameworksBuildPhase;
			buildActionMask = 2147483647;
			files = (
			);
			runOnlyForDeploymentPostprocessing = 0;
		};
/* End PBXFrameworksBuildPhase section */

/* Begin PBXGroup section */
		260081981B3311170010C64A /* Products */ = {
			isa = PBXGroup;
			children = (
				2600819D1B3311170010C64A /* MapleBacon.framework */,
				2600819F1B3311170010C64A /* MapleBaconTests.xctest */,
				9434CF0C1D81E337006E6FEB /* MapleBacon.framework */,
			);
			name = Products;
			sourceTree = "<group>";
		};
		F2AB72651A40395200CCE62B = {
			isa = PBXGroup;
			children = (
				260081971B3311170010C64A /* MapleBacon.xcodeproj */,
				F2AB72701A40395200CCE62B /* MapleBaconExample */,
				F2AB72861A40395200CCE62B /* MapleBaconExampleTests */,
				F2AB726F1A40395200CCE62B /* Products */,
			);
			sourceTree = "<group>";
		};
		F2AB726F1A40395200CCE62B /* Products */ = {
			isa = PBXGroup;
			children = (
				F2AB726E1A40395200CCE62B /* MapleBaconExample.app */,
				F2AB72831A40395200CCE62B /* MapleBaconExampleTests.xctest */,
			);
			name = Products;
			sourceTree = "<group>";
		};
		F2AB72701A40395200CCE62B /* MapleBaconExample */ = {
			isa = PBXGroup;
			children = (
				F2AB72731A40395200CCE62B /* AppDelegate.swift */,
				F2AB72751A40395200CCE62B /* ViewController.swift */,
				F2AB729F1A4039EC00CCE62B /* ResizerResultView.swift */,
				F2AB72A01A4039EC00CCE62B /* ResizerResultViewController.swift */,
				F2AB72A11A4039EC00CCE62B /* ResizerTestViewController.swift */,
				F2AB72A21A4039EC00CCE62B /* UIContentModeExtension.swift */,
				26B7022C1A40710100E3FB72 /* ImageManagerExample.swift */,
				F2AB72A71A403A3600CCE62B /* Main.storyboard */,
				F2AB727A1A40395200CCE62B /* Images.xcassets */,
				F2AB72711A40395200CCE62B /* Supporting Files */,
			);
			path = MapleBaconExample;
			sourceTree = "<group>";
		};
		F2AB72711A40395200CCE62B /* Supporting Files */ = {
			isa = PBXGroup;
			children = (
				F2AB72721A40395200CCE62B /* Info.plist */,
				F2BC10151A42C87D0087F256 /* imageURLs.plist */,
			);
			name = "Supporting Files";
			sourceTree = "<group>";
		};
		F2AB72861A40395200CCE62B /* MapleBaconExampleTests */ = {
			isa = PBXGroup;
			children = (
				F2AB72871A40395200CCE62B /* Supporting Files */,
			);
			path = MapleBaconExampleTests;
			sourceTree = "<group>";
		};
		F2AB72871A40395200CCE62B /* Supporting Files */ = {
			isa = PBXGroup;
			children = (
				F2AB72881A40395200CCE62B /* Info.plist */,
			);
			name = "Supporting Files";
			sourceTree = "<group>";
		};
/* End PBXGroup section */

/* Begin PBXNativeTarget section */
		F2AB726D1A40395200CCE62B /* MapleBaconExample */ = {
			isa = PBXNativeTarget;
			buildConfigurationList = F2AB728D1A40395200CCE62B /* Build configuration list for PBXNativeTarget "MapleBaconExample" */;
			buildPhases = (
				F2AB726A1A40395200CCE62B /* Sources */,
				F2AB726B1A40395200CCE62B /* Frameworks */,
				F2AB726C1A40395200CCE62B /* Resources */,
				F2BC101E1A42DCF30087F256 /* Copy Frameworks */,
			);
			buildRules = (
			);
			dependencies = (
				94E710381D81E3F900A4509A /* PBXTargetDependency */,
			);
			name = MapleBaconExample;
			productName = MapleBaconExample;
			productReference = F2AB726E1A40395200CCE62B /* MapleBaconExample.app */;
			productType = "com.apple.product-type.application";
		};
		F2AB72821A40395200CCE62B /* MapleBaconExampleTests */ = {
			isa = PBXNativeTarget;
			buildConfigurationList = F2AB72901A40395200CCE62B /* Build configuration list for PBXNativeTarget "MapleBaconExampleTests" */;
			buildPhases = (
				F2AB727F1A40395200CCE62B /* Sources */,
				F2AB72801A40395200CCE62B /* Frameworks */,
				F2AB72811A40395200CCE62B /* Resources */,
			);
			buildRules = (
			);
			dependencies = (
				F2AB72851A40395200CCE62B /* PBXTargetDependency */,
			);
			name = MapleBaconExampleTests;
			productName = MapleBaconExampleTests;
			productReference = F2AB72831A40395200CCE62B /* MapleBaconExampleTests.xctest */;
			productType = "com.apple.product-type.bundle.unit-test";
		};
/* End PBXNativeTarget section */

/* Begin PBXProject section */
		F2AB72661A40395200CCE62B /* Project object */ = {
			isa = PBXProject;
			attributes = {
				LastSwiftMigration = 0700;
				LastSwiftUpdateCheck = 0700;
				LastUpgradeCheck = 0800;
				ORGANIZATIONNAME = "Zalando SE";
				TargetAttributes = {
					F2AB726D1A40395200CCE62B = {
						CreatedOnToolsVersion = 6.1.1;
						LastSwiftMigration = 0800;
					};
					F2AB72821A40395200CCE62B = {
						CreatedOnToolsVersion = 6.1.1;
						TestTargetID = F2AB726D1A40395200CCE62B;
					};
				};
			};
			buildConfigurationList = F2AB72691A40395200CCE62B /* Build configuration list for PBXProject "MapleBaconExample" */;
			compatibilityVersion = "Xcode 3.2";
			developmentRegion = English;
			hasScannedForEncodings = 0;
			knownRegions = (
				en,
				Base,
			);
			mainGroup = F2AB72651A40395200CCE62B;
			productRefGroup = F2AB726F1A40395200CCE62B /* Products */;
			projectDirPath = "";
			projectReferences = (
				{
					ProductGroup = 260081981B3311170010C64A /* Products */;
					ProjectRef = 260081971B3311170010C64A /* MapleBacon.xcodeproj */;
				},
			);
			projectRoot = "";
			targets = (
				F2AB726D1A40395200CCE62B /* MapleBaconExample */,
				F2AB72821A40395200CCE62B /* MapleBaconExampleTests */,
			);
		};
/* End PBXProject section */

/* Begin PBXReferenceProxy section */
		2600819D1B3311170010C64A /* MapleBacon.framework */ = {
			isa = PBXReferenceProxy;
			fileType = wrapper.framework;
			path = MapleBacon.framework;
			remoteRef = 2600819C1B3311170010C64A /* PBXContainerItemProxy */;
			sourceTree = BUILT_PRODUCTS_DIR;
		};
		2600819F1B3311170010C64A /* MapleBaconTests.xctest */ = {
			isa = PBXReferenceProxy;
			fileType = wrapper.cfbundle;
			path = MapleBaconTests.xctest;
			remoteRef = 2600819E1B3311170010C64A /* PBXContainerItemProxy */;
			sourceTree = BUILT_PRODUCTS_DIR;
		};
		9434CF0C1D81E337006E6FEB /* MapleBacon.framework */ = {
			isa = PBXReferenceProxy;
			fileType = wrapper.framework;
			path = MapleBacon.framework;
			remoteRef = 9434CF0B1D81E337006E6FEB /* PBXContainerItemProxy */;
			sourceTree = BUILT_PRODUCTS_DIR;
		};
/* End PBXReferenceProxy section */

/* Begin PBXResourcesBuildPhase section */
		F2AB726C1A40395200CCE62B /* Resources */ = {
			isa = PBXResourcesBuildPhase;
			buildActionMask = 2147483647;
			files = (
				F2AB72A81A403A3600CCE62B /* Main.storyboard in Resources */,
				F2BC10161A42C87D0087F256 /* imageURLs.plist in Resources */,
				F2AB727B1A40395200CCE62B /* Images.xcassets in Resources */,
			);
			runOnlyForDeploymentPostprocessing = 0;
		};
		F2AB72811A40395200CCE62B /* Resources */ = {
			isa = PBXResourcesBuildPhase;
			buildActionMask = 2147483647;
			files = (
			);
			runOnlyForDeploymentPostprocessing = 0;
		};
/* End PBXResourcesBuildPhase section */

/* Begin PBXSourcesBuildPhase section */
		F2AB726A1A40395200CCE62B /* Sources */ = {
			isa = PBXSourcesBuildPhase;
			buildActionMask = 2147483647;
			files = (
				26B7022D1A40710100E3FB72 /* ImageManagerExample.swift in Sources */,
				F2AB72A61A4039EC00CCE62B /* UIContentModeExtension.swift in Sources */,
				F2AB72A31A4039EC00CCE62B /* ResizerResultView.swift in Sources */,
				F2AB72761A40395200CCE62B /* ViewController.swift in Sources */,
				F2AB72A41A4039EC00CCE62B /* ResizerResultViewController.swift in Sources */,
				F2AB72A51A4039EC00CCE62B /* ResizerTestViewController.swift in Sources */,
				F2AB72741A40395200CCE62B /* AppDelegate.swift in Sources */,
			);
			runOnlyForDeploymentPostprocessing = 0;
		};
		F2AB727F1A40395200CCE62B /* Sources */ = {
			isa = PBXSourcesBuildPhase;
			buildActionMask = 2147483647;
			files = (
			);
			runOnlyForDeploymentPostprocessing = 0;
		};
/* End PBXSourcesBuildPhase section */

/* Begin PBXTargetDependency section */
		94E710381D81E3F900A4509A /* PBXTargetDependency */ = {
			isa = PBXTargetDependency;
			name = MapleBacon;
			targetProxy = 94E710371D81E3F900A4509A /* PBXContainerItemProxy */;
		};
		F2AB72851A40395200CCE62B /* PBXTargetDependency */ = {
			isa = PBXTargetDependency;
			target = F2AB726D1A40395200CCE62B /* MapleBaconExample */;
			targetProxy = F2AB72841A40395200CCE62B /* PBXContainerItemProxy */;
		};
/* End PBXTargetDependency section */

/* Begin XCBuildConfiguration section */
		F2AB728B1A40395200CCE62B /* Debug */ = {
			isa = XCBuildConfiguration;
			buildSettings = {
				ALWAYS_SEARCH_USER_PATHS = NO;
				CLANG_CXX_LANGUAGE_STANDARD = "gnu++0x";
				CLANG_CXX_LIBRARY = "libc++";
				CLANG_ENABLE_MODULES = YES;
				CLANG_ENABLE_OBJC_ARC = YES;
				CLANG_WARN_BOOL_CONVERSION = YES;
				CLANG_WARN_CONSTANT_CONVERSION = YES;
				CLANG_WARN_DIRECT_OBJC_ISA_USAGE = YES_ERROR;
				CLANG_WARN_EMPTY_BODY = YES;
				CLANG_WARN_ENUM_CONVERSION = YES;
				CLANG_WARN_INFINITE_RECURSION = YES;
				CLANG_WARN_INT_CONVERSION = YES;
				CLANG_WARN_OBJC_ROOT_CLASS = YES_ERROR;
				CLANG_WARN_SUSPICIOUS_MOVE = YES;
				CLANG_WARN_UNREACHABLE_CODE = YES;
				CLANG_WARN__DUPLICATE_METHOD_MATCH = YES;
				"CODE_SIGN_IDENTITY[sdk=iphoneos*]" = "iPhone Developer";
				COPY_PHASE_STRIP = NO;
				ENABLE_STRICT_OBJC_MSGSEND = YES;
				ENABLE_TESTABILITY = YES;
				GCC_C_LANGUAGE_STANDARD = gnu99;
				GCC_DYNAMIC_NO_PIC = NO;
				GCC_NO_COMMON_BLOCKS = YES;
				GCC_OPTIMIZATION_LEVEL = 0;
				GCC_PREPROCESSOR_DEFINITIONS = (
					"DEBUG=1",
					"$(inherited)",
				);
				GCC_SYMBOLS_PRIVATE_EXTERN = NO;
				GCC_WARN_64_TO_32_BIT_CONVERSION = YES;
				GCC_WARN_ABOUT_RETURN_TYPE = YES_ERROR;
				GCC_WARN_UNDECLARED_SELECTOR = YES;
				GCC_WARN_UNINITIALIZED_AUTOS = YES_AGGRESSIVE;
				GCC_WARN_UNUSED_FUNCTION = YES;
				GCC_WARN_UNUSED_VARIABLE = YES;
				IPHONEOS_DEPLOYMENT_TARGET = 8.1;
				MTL_ENABLE_DEBUG_INFO = YES;
				ONLY_ACTIVE_ARCH = YES;
				SDKROOT = iphoneos;
				SWIFT_OPTIMIZATION_LEVEL = "-Onone";
			};
			name = Debug;
		};
		F2AB728C1A40395200CCE62B /* Release */ = {
			isa = XCBuildConfiguration;
			buildSettings = {
				ALWAYS_SEARCH_USER_PATHS = NO;
				CLANG_CXX_LANGUAGE_STANDARD = "gnu++0x";
				CLANG_CXX_LIBRARY = "libc++";
				CLANG_ENABLE_MODULES = YES;
				CLANG_ENABLE_OBJC_ARC = YES;
				CLANG_WARN_BOOL_CONVERSION = YES;
				CLANG_WARN_CONSTANT_CONVERSION = YES;
				CLANG_WARN_DIRECT_OBJC_ISA_USAGE = YES_ERROR;
				CLANG_WARN_EMPTY_BODY = YES;
				CLANG_WARN_ENUM_CONVERSION = YES;
				CLANG_WARN_INFINITE_RECURSION = YES;
				CLANG_WARN_INT_CONVERSION = YES;
				CLANG_WARN_OBJC_ROOT_CLASS = YES_ERROR;
				CLANG_WARN_SUSPICIOUS_MOVE = YES;
				CLANG_WARN_UNREACHABLE_CODE = YES;
				CLANG_WARN__DUPLICATE_METHOD_MATCH = YES;
				"CODE_SIGN_IDENTITY[sdk=iphoneos*]" = "iPhone Developer";
				COPY_PHASE_STRIP = YES;
				ENABLE_NS_ASSERTIONS = NO;
				ENABLE_STRICT_OBJC_MSGSEND = YES;
				GCC_C_LANGUAGE_STANDARD = gnu99;
				GCC_NO_COMMON_BLOCKS = YES;
				GCC_WARN_64_TO_32_BIT_CONVERSION = YES;
				GCC_WARN_ABOUT_RETURN_TYPE = YES_ERROR;
				GCC_WARN_UNDECLARED_SELECTOR = YES;
				GCC_WARN_UNINITIALIZED_AUTOS = YES_AGGRESSIVE;
				GCC_WARN_UNUSED_FUNCTION = YES;
				GCC_WARN_UNUSED_VARIABLE = YES;
				IPHONEOS_DEPLOYMENT_TARGET = 8.1;
				MTL_ENABLE_DEBUG_INFO = NO;
				SDKROOT = iphoneos;
				SWIFT_OPTIMIZATION_LEVEL = "-Owholemodule";
				VALIDATE_PRODUCT = YES;
			};
			name = Release;
		};
		F2AB728E1A40395200CCE62B /* Debug */ = {
			isa = XCBuildConfiguration;
			buildSettings = {
				ASSETCATALOG_COMPILER_APPICON_NAME = AppIcon;
				ASSETCATALOG_COMPILER_LAUNCHIMAGE_NAME = LaunchImage;
				INFOPLIST_FILE = MapleBaconExample/Info.plist;
				LD_RUNPATH_SEARCH_PATHS = "$(inherited) @executable_path/Frameworks";
				PRODUCT_BUNDLE_IDENTIFIER = "de.zalando.$(PRODUCT_NAME:rfc1034identifier)";
				PRODUCT_NAME = "$(TARGET_NAME)";
				SWIFT_VERSION = 3.0;
			};
			name = Debug;
		};
		F2AB728F1A40395200CCE62B /* Release */ = {
			isa = XCBuildConfiguration;
			buildSettings = {
				ASSETCATALOG_COMPILER_APPICON_NAME = AppIcon;
				ASSETCATALOG_COMPILER_LAUNCHIMAGE_NAME = LaunchImage;
				INFOPLIST_FILE = MapleBaconExample/Info.plist;
				LD_RUNPATH_SEARCH_PATHS = "$(inherited) @executable_path/Frameworks";
				PRODUCT_BUNDLE_IDENTIFIER = "de.zalando.$(PRODUCT_NAME:rfc1034identifier)";
				PRODUCT_NAME = "$(TARGET_NAME)";
				SWIFT_VERSION = 3.0;
			};
			name = Release;
		};
		F2AB72911A40395200CCE62B /* Debug */ = {
			isa = XCBuildConfiguration;
			buildSettings = {
				BUNDLE_LOADER = "$(TEST_HOST)";
				FRAMEWORK_SEARCH_PATHS = (
					"$(SDKROOT)/Developer/Library/Frameworks",
					"$(inherited)",
				);
				GCC_PREPROCESSOR_DEFINITIONS = (
					"DEBUG=1",
					"$(inherited)",
				);
				INFOPLIST_FILE = MapleBaconExampleTests/Info.plist;
				LD_RUNPATH_SEARCH_PATHS = "$(inherited) @executable_path/Frameworks @loader_path/Frameworks";
				PRODUCT_BUNDLE_IDENTIFIER = "de.zalando.$(PRODUCT_NAME:rfc1034identifier)";
				PRODUCT_NAME = "$(TARGET_NAME)";
				TEST_HOST = "$(BUILT_PRODUCTS_DIR)/MapleBaconExample.app/MapleBaconExample";
			};
			name = Debug;
		};
		F2AB72921A40395200CCE62B /* Release */ = {
			isa = XCBuildConfiguration;
			buildSettings = {
				BUNDLE_LOADER = "$(TEST_HOST)";
				FRAMEWORK_SEARCH_PATHS = (
					"$(SDKROOT)/Developer/Library/Frameworks",
					"$(inherited)",
				);
				INFOPLIST_FILE = MapleBaconExampleTests/Info.plist;
				LD_RUNPATH_SEARCH_PATHS = "$(inherited) @executable_path/Frameworks @loader_path/Frameworks";
				PRODUCT_BUNDLE_IDENTIFIER = "de.zalando.$(PRODUCT_NAME:rfc1034identifier)";
				PRODUCT_NAME = "$(TARGET_NAME)";
				TEST_HOST = "$(BUILT_PRODUCTS_DIR)/MapleBaconExample.app/MapleBaconExample";
			};
			name = Release;
		};
/* End XCBuildConfiguration section */

/* Begin XCConfigurationList section */
		F2AB72691A40395200CCE62B /* Build configuration list for PBXProject "MapleBaconExample" */ = {
			isa = XCConfigurationList;
			buildConfigurations = (
				F2AB728B1A40395200CCE62B /* Debug */,
				F2AB728C1A40395200CCE62B /* Release */,
			);
			defaultConfigurationIsVisible = 0;
			defaultConfigurationName = Release;
		};
		F2AB728D1A40395200CCE62B /* Build configuration list for PBXNativeTarget "MapleBaconExample" */ = {
			isa = XCConfigurationList;
			buildConfigurations = (
				F2AB728E1A40395200CCE62B /* Debug */,
				F2AB728F1A40395200CCE62B /* Release */,
			);
			defaultConfigurationIsVisible = 0;
			defaultConfigurationName = Release;
		};
		F2AB72901A40395200CCE62B /* Build configuration list for PBXNativeTarget "MapleBaconExampleTests" */ = {
			isa = XCConfigurationList;
			buildConfigurations = (
				F2AB72911A40395200CCE62B /* Debug */,
				F2AB72921A40395200CCE62B /* Release */,
			);
			defaultConfigurationIsVisible = 0;
			defaultConfigurationName = Release;
		};
/* End XCConfigurationList section */
	};
	rootObject = F2AB72661A40395200CCE62B /* Project object */;
}
