// !$*UTF8*$!
{
	archiveVersion = 1;
	classes = {
	};
	objectVersion = 46;
	objects = {

/* Begin PBXBuildFile section */
		2600816E1B3310A90010C64A /* DiskStorage.swift in Sources */ = {isa = PBXBuildFile; fileRef = 2600816A1B3310A90010C64A /* DiskStorage.swift */; };
		2600816F1B3310A90010C64A /* InMemoryStorage.swift in Sources */ = {isa = PBXBuildFile; fileRef = 2600816B1B3310A90010C64A /* InMemoryStorage.swift */; };
		260081701B3310A90010C64A /* MD5.swift in Sources */ = {isa = PBXBuildFile; fileRef = 2600816C1B3310A90010C64A /* MD5.swift */; };
		260081711B3310A90010C64A /* Storage.swift in Sources */ = {isa = PBXBuildFile; fileRef = 2600816D1B3310A90010C64A /* Storage.swift */; };
		260081771B3310B60010C64A /* Delay.swift in Sources */ = {isa = PBXBuildFile; fileRef = 260081721B3310B60010C64A /* Delay.swift */; };
		260081781B3310B60010C64A /* ImageDownloadOperation.swift in Sources */ = {isa = PBXBuildFile; fileRef = 260081731B3310B60010C64A /* ImageDownloadOperation.swift */; };
		260081791B3310B60010C64A /* ImageGifExtension.swift in Sources */ = {isa = PBXBuildFile; fileRef = 260081741B3310B60010C64A /* ImageGifExtension.swift */; };
		2600817A1B3310B60010C64A /* ImageManager.swift in Sources */ = {isa = PBXBuildFile; fileRef = 260081751B3310B60010C64A /* ImageManager.swift */; };
		2600817B1B3310B60010C64A /* ImageViewExtension.swift in Sources */ = {isa = PBXBuildFile; fileRef = 260081761B3310B60010C64A /* ImageViewExtension.swift */; };
		2600817D1B3310C00010C64A /* Resizer.swift in Sources */ = {isa = PBXBuildFile; fileRef = 2600817C1B3310C00010C64A /* Resizer.swift */; };
		2600818F1B3310DC0010C64A /* ImageDownloadOperationTests.swift in Sources */ = {isa = PBXBuildFile; fileRef = 260081801B3310D30010C64A /* ImageDownloadOperationTests.swift */; };
		260081901B3310DC0010C64A /* ImageExtensionTests.swift in Sources */ = {isa = PBXBuildFile; fileRef = 260081811B3310D30010C64A /* ImageExtensionTests.swift */; };
		260081911B3310DC0010C64A /* ImageManagerTests.swift in Sources */ = {isa = PBXBuildFile; fileRef = 260081821B3310D30010C64A /* ImageManagerTests.swift */; };
		260081931B3310DC0010C64A /* MD5Tests.swift in Sources */ = {isa = PBXBuildFile; fileRef = 260081841B3310D30010C64A /* MD5Tests.swift */; };
		260081941B3310DC0010C64A /* StorageTests.swift in Sources */ = {isa = PBXBuildFile; fileRef = 260081851B3310D30010C64A /* StorageTests.swift */; };
		2625026B1CC13C5B0057C4A6 /* DiskStorage.swift in Sources */ = {isa = PBXBuildFile; fileRef = 2600816A1B3310A90010C64A /* DiskStorage.swift */; };
		2625026C1CC13C5B0057C4A6 /* InMemoryStorage.swift in Sources */ = {isa = PBXBuildFile; fileRef = 2600816B1B3310A90010C64A /* InMemoryStorage.swift */; };
		2625026D1CC13C5B0057C4A6 /* MD5.swift in Sources */ = {isa = PBXBuildFile; fileRef = 2600816C1B3310A90010C64A /* MD5.swift */; };
		2625026E1CC13C5B0057C4A6 /* Storage.swift in Sources */ = {isa = PBXBuildFile; fileRef = 2600816D1B3310A90010C64A /* Storage.swift */; };
		2625026F1CC13C640057C4A6 /* Resizer.swift in Sources */ = {isa = PBXBuildFile; fileRef = 2600817C1B3310C00010C64A /* Resizer.swift */; };
		262502701CC13C690057C4A6 /* Delay.swift in Sources */ = {isa = PBXBuildFile; fileRef = 260081721B3310B60010C64A /* Delay.swift */; };
		262502711CC13C690057C4A6 /* ImageDownloadOperation.swift in Sources */ = {isa = PBXBuildFile; fileRef = 260081731B3310B60010C64A /* ImageDownloadOperation.swift */; };
		262502721CC13C690057C4A6 /* ImageGifExtension.swift in Sources */ = {isa = PBXBuildFile; fileRef = 260081741B3310B60010C64A /* ImageGifExtension.swift */; };
		262502731CC13C690057C4A6 /* ImageManager.swift in Sources */ = {isa = PBXBuildFile; fileRef = 260081751B3310B60010C64A /* ImageManager.swift */; };
		262502741CC13C690057C4A6 /* ImageViewExtension.swift in Sources */ = {isa = PBXBuildFile; fileRef = 260081761B3310B60010C64A /* ImageViewExtension.swift */; };
		946B985E1C0C432C00B0276E /* MapleBacon-tvOS.h in Headers */ = {isa = PBXBuildFile; fileRef = 946B985D1C0C432C00B0276E /* MapleBacon-tvOS.h */; settings = {ATTRIBUTES = (Public, ); }; };
		94B554AD1BCAA3710026D2B1 /* cupcakes.jpg in Resources */ = {isa = PBXBuildFile; fileRef = 94B554AC1BCAA3710026D2B1 /* cupcakes.jpg */; };
		F2520C541A3EDAFF0061BB33 /* MapleBacon.framework in Frameworks */ = {isa = PBXBuildFile; fileRef = F2520C481A3EDAFE0061BB33 /* MapleBacon.framework */; };
/* End PBXBuildFile section */

/* Begin PBXContainerItemProxy section */
		F2520C551A3EDAFF0061BB33 /* PBXContainerItemProxy */ = {
			isa = PBXContainerItemProxy;
			containerPortal = F2520C3F1A3EDAFE0061BB33 /* Project object */;
			proxyType = 1;
			remoteGlobalIDString = F2520C471A3EDAFE0061BB33;
			remoteInfo = MapleBacon;
		};
/* End PBXContainerItemProxy section */

/* Begin PBXFileReference section */
		2600816A1B3310A90010C64A /* DiskStorage.swift */ = {isa = PBXFileReference; fileEncoding = 4; lastKnownFileType = sourcecode.swift; path = DiskStorage.swift; sourceTree = "<group>"; };
		2600816B1B3310A90010C64A /* InMemoryStorage.swift */ = {isa = PBXFileReference; fileEncoding = 4; lastKnownFileType = sourcecode.swift; path = InMemoryStorage.swift; sourceTree = "<group>"; };
		2600816C1B3310A90010C64A /* MD5.swift */ = {isa = PBXFileReference; fileEncoding = 4; lastKnownFileType = sourcecode.swift; path = MD5.swift; sourceTree = "<group>"; };
		2600816D1B3310A90010C64A /* Storage.swift */ = {isa = PBXFileReference; fileEncoding = 4; lastKnownFileType = sourcecode.swift; path = Storage.swift; sourceTree = "<group>"; };
		260081721B3310B60010C64A /* Delay.swift */ = {isa = PBXFileReference; fileEncoding = 4; lastKnownFileType = sourcecode.swift; name = Delay.swift; path = Library/MapleBacon/MapleBacon/Delay.swift; sourceTree = SOURCE_ROOT; };
		260081731B3310B60010C64A /* ImageDownloadOperation.swift */ = {isa = PBXFileReference; fileEncoding = 4; lastKnownFileType = sourcecode.swift; name = ImageDownloadOperation.swift; path = Library/MapleBacon/MapleBacon/ImageDownloadOperation.swift; sourceTree = SOURCE_ROOT; };
		260081741B3310B60010C64A /* ImageGifExtension.swift */ = {isa = PBXFileReference; fileEncoding = 4; lastKnownFileType = sourcecode.swift; name = ImageGifExtension.swift; path = Library/MapleBacon/MapleBacon/ImageGifExtension.swift; sourceTree = SOURCE_ROOT; };
		260081751B3310B60010C64A /* ImageManager.swift */ = {isa = PBXFileReference; fileEncoding = 4; lastKnownFileType = sourcecode.swift; name = ImageManager.swift; path = Library/MapleBacon/MapleBacon/ImageManager.swift; sourceTree = SOURCE_ROOT; };
		260081761B3310B60010C64A /* ImageViewExtension.swift */ = {isa = PBXFileReference; fileEncoding = 4; lastKnownFileType = sourcecode.swift; name = ImageViewExtension.swift; path = Library/MapleBacon/MapleBacon/ImageViewExtension.swift; sourceTree = SOURCE_ROOT; };
		2600817C1B3310C00010C64A /* Resizer.swift */ = {isa = PBXFileReference; fileEncoding = 4; lastKnownFileType = sourcecode.swift; name = Resizer.swift; path = Library/MapleBacon/MapleBacon/Resizer.swift; sourceTree = SOURCE_ROOT; };
		260081801B3310D30010C64A /* ImageDownloadOperationTests.swift */ = {isa = PBXFileReference; fileEncoding = 4; lastKnownFileType = sourcecode.swift; path = ImageDownloadOperationTests.swift; sourceTree = "<group>"; };
		260081811B3310D30010C64A /* ImageExtensionTests.swift */ = {isa = PBXFileReference; fileEncoding = 4; lastKnownFileType = sourcecode.swift; path = ImageExtensionTests.swift; sourceTree = "<group>"; };
		260081821B3310D30010C64A /* ImageManagerTests.swift */ = {isa = PBXFileReference; fileEncoding = 4; lastKnownFileType = sourcecode.swift; path = ImageManagerTests.swift; sourceTree = "<group>"; };
		260081831B3310D30010C64A /* Info.plist */ = {isa = PBXFileReference; fileEncoding = 4; lastKnownFileType = text.plist.xml; path = Info.plist; sourceTree = "<group>"; };
		260081841B3310D30010C64A /* MD5Tests.swift */ = {isa = PBXFileReference; fileEncoding = 4; lastKnownFileType = sourcecode.swift; path = MD5Tests.swift; sourceTree = "<group>"; };
		260081851B3310D30010C64A /* StorageTests.swift */ = {isa = PBXFileReference; fileEncoding = 4; lastKnownFileType = sourcecode.swift; path = StorageTests.swift; sourceTree = "<group>"; };
		946B985B1C0C432B00B0276E /* MapleBacon.framework */ = {isa = PBXFileReference; explicitFileType = wrapper.framework; includeInIndex = 0; path = MapleBacon.framework; sourceTree = BUILT_PRODUCTS_DIR; };
		946B985D1C0C432C00B0276E /* MapleBacon-tvOS.h */ = {isa = PBXFileReference; lastKnownFileType = sourcecode.c.h; path = "MapleBacon-tvOS.h"; sourceTree = "<group>"; };
		946B985F1C0C432C00B0276E /* Info.plist */ = {isa = PBXFileReference; lastKnownFileType = text.plist.xml; path = Info.plist; sourceTree = "<group>"; };
		94B554AC1BCAA3710026D2B1 /* cupcakes.jpg */ = {isa = PBXFileReference; lastKnownFileType = image.jpeg; path = cupcakes.jpg; sourceTree = "<group>"; };
		94C3446F1BA52B28006A7914 /* Info.plist */ = {isa = PBXFileReference; fileEncoding = 4; lastKnownFileType = text.plist.xml; name = Info.plist; path = Library/MapleBacon/MapleBacon/Info.plist; sourceTree = SOURCE_ROOT; };
		F2520C481A3EDAFE0061BB33 /* MapleBacon.framework */ = {isa = PBXFileReference; explicitFileType = wrapper.framework; includeInIndex = 0; path = MapleBacon.framework; sourceTree = BUILT_PRODUCTS_DIR; };
		F2520C531A3EDAFF0061BB33 /* MapleBaconTests.xctest */ = {isa = PBXFileReference; explicitFileType = wrapper.cfbundle; includeInIndex = 0; path = MapleBaconTests.xctest; sourceTree = BUILT_PRODUCTS_DIR; };
/* End PBXFileReference section */

/* Begin PBXFrameworksBuildPhase section */
		946B98571C0C432B00B0276E /* Frameworks */ = {
			isa = PBXFrameworksBuildPhase;
			buildActionMask = 2147483647;
			files = (
			);
			runOnlyForDeploymentPostprocessing = 0;
		};
		F2520C441A3EDAFE0061BB33 /* Frameworks */ = {
			isa = PBXFrameworksBuildPhase;
			buildActionMask = 2147483647;
			files = (
			);
			runOnlyForDeploymentPostprocessing = 0;
		};
		F2520C501A3EDAFF0061BB33 /* Frameworks */ = {
			isa = PBXFrameworksBuildPhase;
			buildActionMask = 2147483647;
			files = (
				F2520C541A3EDAFF0061BB33 /* MapleBacon.framework in Frameworks */,
			);
			runOnlyForDeploymentPostprocessing = 0;
		};
/* End PBXFrameworksBuildPhase section */

/* Begin PBXGroup section */
		260081691B3310A90010C64A /* Storage */ = {
			isa = PBXGroup;
			children = (
				2600816A1B3310A90010C64A /* DiskStorage.swift */,
				2600816B1B3310A90010C64A /* InMemoryStorage.swift */,
				2600816C1B3310A90010C64A /* MD5.swift */,
				2600816D1B3310A90010C64A /* Storage.swift */,
			);
			name = Storage;
			path = Library/MapleBacon/MapleBacon/Storage;
			sourceTree = SOURCE_ROOT;
		};
		2600817E1B3310D30010C64A /* MapleBaconTests */ = {
			isa = PBXGroup;
			children = (
				94C344661BA5293E006A7914 /* Downloader */,
				94C344671BA5294A006A7914 /* Supporting Files */,
				94C344681BA5295A006A7914 /* Storage */,
			);
			name = MapleBaconTests;
			path = Library/MapleBacon/MapleBaconTests;
			sourceTree = "<group>";
		};
		268606051A3F42F500BA4269 /* Downloader */ = {
			isa = PBXGroup;
			children = (
				260081721B3310B60010C64A /* Delay.swift */,
				260081731B3310B60010C64A /* ImageDownloadOperation.swift */,
				260081741B3310B60010C64A /* ImageGifExtension.swift */,
				260081751B3310B60010C64A /* ImageManager.swift */,
				260081761B3310B60010C64A /* ImageViewExtension.swift */,
			);
			name = Downloader;
			sourceTree = "<group>";
		};
		31AA37DF7903088C583AC89B /* Scaling */ = {
			isa = PBXGroup;
			children = (
				2600817C1B3310C00010C64A /* Resizer.swift */,
			);
			name = Scaling;
			path = MapleBaconTests;
			sourceTree = SOURCE_ROOT;
		};
		946B985C1C0C432C00B0276E /* MapleBacon-tvOS */ = {
			isa = PBXGroup;
			children = (
				946B985D1C0C432C00B0276E /* MapleBacon-tvOS.h */,
				946B985F1C0C432C00B0276E /* Info.plist */,
			);
			path = "MapleBacon-tvOS";
			sourceTree = "<group>";
		};
		94C344661BA5293E006A7914 /* Downloader */ = {
			isa = PBXGroup;
			children = (
				260081801B3310D30010C64A /* ImageDownloadOperationTests.swift */,
				260081811B3310D30010C64A /* ImageExtensionTests.swift */,
				260081821B3310D30010C64A /* ImageManagerTests.swift */,
			);
			name = Downloader;
			sourceTree = "<group>";
		};
		94C344671BA5294A006A7914 /* Supporting Files */ = {
			isa = PBXGroup;
			children = (
				94B554AC1BCAA3710026D2B1 /* cupcakes.jpg */,
				260081831B3310D30010C64A /* Info.plist */,
			);
			name = "Supporting Files";
			sourceTree = "<group>";
		};
		94C344681BA5295A006A7914 /* Storage */ = {
			isa = PBXGroup;
			children = (
				260081841B3310D30010C64A /* MD5Tests.swift */,
				260081851B3310D30010C64A /* StorageTests.swift */,
			);
			name = Storage;
			sourceTree = "<group>";
		};
		F2520C3E1A3EDAFE0061BB33 = {
			isa = PBXGroup;
			children = (
				F2520C4A1A3EDAFE0061BB33 /* MapleBacon */,
				2600817E1B3310D30010C64A /* MapleBaconTests */,
				946B985C1C0C432C00B0276E /* MapleBacon-tvOS */,
				F2520C491A3EDAFE0061BB33 /* Products */,
			);
			sourceTree = "<group>";
		};
		F2520C491A3EDAFE0061BB33 /* Products */ = {
			isa = PBXGroup;
			children = (
				F2520C481A3EDAFE0061BB33 /* MapleBacon.framework */,
				F2520C531A3EDAFF0061BB33 /* MapleBaconTests.xctest */,
				946B985B1C0C432B00B0276E /* MapleBacon.framework */,
			);
			name = Products;
			sourceTree = "<group>";
		};
		F2520C4A1A3EDAFE0061BB33 /* MapleBacon */ = {
			isa = PBXGroup;
			children = (
				260081691B3310A90010C64A /* Storage */,
				31AA37DF7903088C583AC89B /* Scaling */,
				F2520C4B1A3EDAFE0061BB33 /* Supporting Files */,
				268606051A3F42F500BA4269 /* Downloader */,
			);
			path = MapleBacon;
			sourceTree = "<group>";
		};
		F2520C4B1A3EDAFE0061BB33 /* Supporting Files */ = {
			isa = PBXGroup;
			children = (
				94C3446F1BA52B28006A7914 /* Info.plist */,
			);
			name = "Supporting Files";
			sourceTree = "<group>";
		};
/* End PBXGroup section */

/* Begin PBXHeadersBuildPhase section */
		946B98581C0C432B00B0276E /* Headers */ = {
			isa = PBXHeadersBuildPhase;
			buildActionMask = 2147483647;
			files = (
				946B985E1C0C432C00B0276E /* MapleBacon-tvOS.h in Headers */,
			);
			runOnlyForDeploymentPostprocessing = 0;
		};
		F2520C451A3EDAFE0061BB33 /* Headers */ = {
			isa = PBXHeadersBuildPhase;
			buildActionMask = 2147483647;
			files = (
			);
			runOnlyForDeploymentPostprocessing = 0;
		};
/* End PBXHeadersBuildPhase section */

/* Begin PBXNativeTarget section */
		946B985A1C0C432B00B0276E /* MapleBacon-tvOS */ = {
			isa = PBXNativeTarget;
			buildConfigurationList = 946B98621C0C432C00B0276E /* Build configuration list for PBXNativeTarget "MapleBacon-tvOS" */;
			buildPhases = (
				946B98561C0C432B00B0276E /* Sources */,
				946B98571C0C432B00B0276E /* Frameworks */,
				946B98581C0C432B00B0276E /* Headers */,
				946B98591C0C432B00B0276E /* Resources */,
			);
			buildRules = (
			);
			dependencies = (
			);
			name = "MapleBacon-tvOS";
			productName = "MapleBacon-tvOS";
			productReference = 946B985B1C0C432B00B0276E /* MapleBacon.framework */;
			productType = "com.apple.product-type.framework";
		};
		F2520C471A3EDAFE0061BB33 /* MapleBacon */ = {
			isa = PBXNativeTarget;
			buildConfigurationList = F2520C5E1A3EDAFF0061BB33 /* Build configuration list for PBXNativeTarget "MapleBacon" */;
			buildPhases = (
				F2520C431A3EDAFE0061BB33 /* Sources */,
				F2520C441A3EDAFE0061BB33 /* Frameworks */,
				F2520C451A3EDAFE0061BB33 /* Headers */,
				F2520C461A3EDAFE0061BB33 /* Resources */,
			);
			buildRules = (
			);
			dependencies = (
			);
			name = MapleBacon;
			productName = MapleBacon;
			productReference = F2520C481A3EDAFE0061BB33 /* MapleBacon.framework */;
			productType = "com.apple.product-type.framework";
		};
		F2520C521A3EDAFF0061BB33 /* MapleBaconTests */ = {
			isa = PBXNativeTarget;
			buildConfigurationList = F2520C611A3EDAFF0061BB33 /* Build configuration list for PBXNativeTarget "MapleBaconTests" */;
			buildPhases = (
				F2520C4F1A3EDAFF0061BB33 /* Sources */,
				F2520C501A3EDAFF0061BB33 /* Frameworks */,
				F2520C511A3EDAFF0061BB33 /* Resources */,
			);
			buildRules = (
			);
			dependencies = (
				F2520C561A3EDAFF0061BB33 /* PBXTargetDependency */,
			);
			name = MapleBaconTests;
			productName = MapleBaconTests;
			productReference = F2520C531A3EDAFF0061BB33 /* MapleBaconTests.xctest */;
			productType = "com.apple.product-type.bundle.unit-test";
		};
/* End PBXNativeTarget section */

/* Begin PBXProject section */
		F2520C3F1A3EDAFE0061BB33 /* Project object */ = {
			isa = PBXProject;
			attributes = {
				LastSwiftMigration = 0700;
				LastSwiftUpdateCheck = 0700;
				LastUpgradeCheck = 0700;
				ORGANIZATIONNAME = "Zalando SE";
				TargetAttributes = {
					946B985A1C0C432B00B0276E = {
						CreatedOnToolsVersion = 7.1.1;
					};
					F2520C471A3EDAFE0061BB33 = {
						CreatedOnToolsVersion = 6.1.1;
					};
					F2520C521A3EDAFF0061BB33 = {
						CreatedOnToolsVersion = 6.1.1;
					};
				};
			};
			buildConfigurationList = F2520C421A3EDAFE0061BB33 /* Build configuration list for PBXProject "MapleBacon" */;
			compatibilityVersion = "Xcode 3.2";
			developmentRegion = English;
			hasScannedForEncodings = 0;
			knownRegions = (
				en,
			);
			mainGroup = F2520C3E1A3EDAFE0061BB33;
			productRefGroup = F2520C491A3EDAFE0061BB33 /* Products */;
			projectDirPath = "";
			projectRoot = "";
			targets = (
				F2520C471A3EDAFE0061BB33 /* MapleBacon */,
				F2520C521A3EDAFF0061BB33 /* MapleBaconTests */,
				946B985A1C0C432B00B0276E /* MapleBacon-tvOS */,
			);
		};
/* End PBXProject section */

/* Begin PBXResourcesBuildPhase section */
		946B98591C0C432B00B0276E /* Resources */ = {
			isa = PBXResourcesBuildPhase;
			buildActionMask = 2147483647;
			files = (
			);
			runOnlyForDeploymentPostprocessing = 0;
		};
		F2520C461A3EDAFE0061BB33 /* Resources */ = {
			isa = PBXResourcesBuildPhase;
			buildActionMask = 2147483647;
			files = (
			);
			runOnlyForDeploymentPostprocessing = 0;
		};
		F2520C511A3EDAFF0061BB33 /* Resources */ = {
			isa = PBXResourcesBuildPhase;
			buildActionMask = 2147483647;
			files = (
				94B554AD1BCAA3710026D2B1 /* cupcakes.jpg in Resources */,
			);
			runOnlyForDeploymentPostprocessing = 0;
		};
/* End PBXResourcesBuildPhase section */

/* Begin PBXSourcesBuildPhase section */
		946B98561C0C432B00B0276E /* Sources */ = {
			isa = PBXSourcesBuildPhase;
			buildActionMask = 2147483647;
			files = (
				262502721CC13C690057C4A6 /* ImageGifExtension.swift in Sources */,
				2625026B1CC13C5B0057C4A6 /* DiskStorage.swift in Sources */,
				262502741CC13C690057C4A6 /* ImageViewExtension.swift in Sources */,
				2625026E1CC13C5B0057C4A6 /* Storage.swift in Sources */,
				262502731CC13C690057C4A6 /* ImageManager.swift in Sources */,
				2625026F1CC13C640057C4A6 /* Resizer.swift in Sources */,
				262502701CC13C690057C4A6 /* Delay.swift in Sources */,
				2625026C1CC13C5B0057C4A6 /* InMemoryStorage.swift in Sources */,
				262502711CC13C690057C4A6 /* ImageDownloadOperation.swift in Sources */,
				2625026D1CC13C5B0057C4A6 /* MD5.swift in Sources */,
			);
			runOnlyForDeploymentPostprocessing = 0;
		};
		F2520C431A3EDAFE0061BB33 /* Sources */ = {
			isa = PBXSourcesBuildPhase;
			buildActionMask = 2147483647;
			files = (
				260081771B3310B60010C64A /* Delay.swift in Sources */,
				2600816E1B3310A90010C64A /* DiskStorage.swift in Sources */,
				2600817D1B3310C00010C64A /* Resizer.swift in Sources */,
				260081701B3310A90010C64A /* MD5.swift in Sources */,
				2600817B1B3310B60010C64A /* ImageViewExtension.swift in Sources */,
				2600816F1B3310A90010C64A /* InMemoryStorage.swift in Sources */,
				2600817A1B3310B60010C64A /* ImageManager.swift in Sources */,
				260081791B3310B60010C64A /* ImageGifExtension.swift in Sources */,
				260081711B3310A90010C64A /* Storage.swift in Sources */,
				260081781B3310B60010C64A /* ImageDownloadOperation.swift in Sources */,
			);
			runOnlyForDeploymentPostprocessing = 0;
		};
		F2520C4F1A3EDAFF0061BB33 /* Sources */ = {
			isa = PBXSourcesBuildPhase;
			buildActionMask = 2147483647;
			files = (
				260081911B3310DC0010C64A /* ImageManagerTests.swift in Sources */,
				2600818F1B3310DC0010C64A /* ImageDownloadOperationTests.swift in Sources */,
				260081931B3310DC0010C64A /* MD5Tests.swift in Sources */,
				260081901B3310DC0010C64A /* ImageExtensionTests.swift in Sources */,
				260081941B3310DC0010C64A /* StorageTests.swift in Sources */,
			);
			runOnlyForDeploymentPostprocessing = 0;
		};
/* End PBXSourcesBuildPhase section */

/* Begin PBXTargetDependency section */
		F2520C561A3EDAFF0061BB33 /* PBXTargetDependency */ = {
			isa = PBXTargetDependency;
			target = F2520C471A3EDAFE0061BB33 /* MapleBacon */;
			targetProxy = F2520C551A3EDAFF0061BB33 /* PBXContainerItemProxy */;
		};
/* End PBXTargetDependency section */

/* Begin XCBuildConfiguration section */
		946B98601C0C432C00B0276E /* Debug */ = {
			isa = XCBuildConfiguration;
			buildSettings = {
				DEBUG_INFORMATION_FORMAT = dwarf;
				DEFINES_MODULE = YES;
				DYLIB_COMPATIBILITY_VERSION = 1;
				DYLIB_CURRENT_VERSION = 1;
				DYLIB_INSTALL_NAME_BASE = "@rpath";
				GCC_NO_COMMON_BLOCKS = YES;
				INFOPLIST_FILE = "MapleBacon-tvOS/Info.plist";
				INSTALL_PATH = "$(LOCAL_LIBRARY_DIR)/Frameworks";
				LD_RUNPATH_SEARCH_PATHS = "$(inherited) @executable_path/Frameworks @loader_path/Frameworks";
				PRODUCT_BUNDLE_IDENTIFIER = "com.zalando.MapleBacon-tvOS";
				PRODUCT_MODULE_NAME = MapleBacon;
				PRODUCT_NAME = MapleBacon;
				SDKROOT = appletvos;
				SKIP_INSTALL = YES;
				TARGETED_DEVICE_FAMILY = 3;
				TVOS_DEPLOYMENT_TARGET = 9.0;
			};
			name = Debug;
		};
		946B98611C0C432C00B0276E /* Release */ = {
			isa = XCBuildConfiguration;
			buildSettings = {
				COPY_PHASE_STRIP = NO;
				DEBUG_INFORMATION_FORMAT = "dwarf-with-dsym";
				DEFINES_MODULE = YES;
				DYLIB_COMPATIBILITY_VERSION = 1;
				DYLIB_CURRENT_VERSION = 1;
				DYLIB_INSTALL_NAME_BASE = "@rpath";
				GCC_NO_COMMON_BLOCKS = YES;
				INFOPLIST_FILE = "MapleBacon-tvOS/Info.plist";
				INSTALL_PATH = "$(LOCAL_LIBRARY_DIR)/Frameworks";
				LD_RUNPATH_SEARCH_PATHS = "$(inherited) @executable_path/Frameworks @loader_path/Frameworks";
				PRODUCT_BUNDLE_IDENTIFIER = "com.zalando.MapleBacon-tvOS";
				PRODUCT_MODULE_NAME = MapleBacon;
				PRODUCT_NAME = MapleBacon;
				SDKROOT = appletvos;
				SKIP_INSTALL = YES;
				TARGETED_DEVICE_FAMILY = 3;
				TVOS_DEPLOYMENT_TARGET = 9.0;
			};
			name = Release;
		};
		F2520C5C1A3EDAFF0061BB33 /* Debug */ = {
			isa = XCBuildConfiguration;
			buildSettings = {
				ALWAYS_SEARCH_USER_PATHS = NO;
				CLANG_CXX_LANGUAGE_STANDARD = "gnu++0x";
				CLANG_CXX_LIBRARY = "libc++";
				CLANG_ENABLE_MODULES = YES;
				CLANG_ENABLE_OBJC_ARC = YES;
				CLANG_WARN_BOOL_CONVERSION = YES;
				CLANG_WARN_CONSTANT_CONVERSION = YES;
				CLANG_WARN_DIRECT_OBJC_ISA_USAGE = YES_ERROR;
				CLANG_WARN_EMPTY_BODY = YES;
				CLANG_WARN_ENUM_CONVERSION = YES;
				CLANG_WARN_INT_CONVERSION = YES;
				CLANG_WARN_OBJC_ROOT_CLASS = YES_ERROR;
				CLANG_WARN_UNREACHABLE_CODE = YES;
				CLANG_WARN__DUPLICATE_METHOD_MATCH = YES;
				"CODE_SIGN_IDENTITY[sdk=iphoneos*]" = "iPhone Developer";
				COPY_PHASE_STRIP = NO;
				CURRENT_PROJECT_VERSION = 1;
				ENABLE_STRICT_OBJC_MSGSEND = YES;
				ENABLE_TESTABILITY = YES;
				GCC_C_LANGUAGE_STANDARD = gnu99;
				GCC_DYNAMIC_NO_PIC = NO;
				GCC_OPTIMIZATION_LEVEL = 0;
				GCC_PREPROCESSOR_DEFINITIONS = (
					"DEBUG=1",
					"$(inherited)",
				);
				GCC_SYMBOLS_PRIVATE_EXTERN = NO;
				GCC_WARN_64_TO_32_BIT_CONVERSION = YES;
				GCC_WARN_ABOUT_RETURN_TYPE = YES_ERROR;
				GCC_WARN_UNDECLARED_SELECTOR = YES;
				GCC_WARN_UNINITIALIZED_AUTOS = YES_AGGRESSIVE;
				GCC_WARN_UNUSED_FUNCTION = YES;
				GCC_WARN_UNUSED_VARIABLE = YES;
				IPHONEOS_DEPLOYMENT_TARGET = 8.0;
				MTL_ENABLE_DEBUG_INFO = YES;
				ONLY_ACTIVE_ARCH = YES;
				SDKROOT = iphoneos;
				SWIFT_OPTIMIZATION_LEVEL = "-Onone";
				TARGETED_DEVICE_FAMILY = "1,2";
				VERSIONING_SYSTEM = "apple-generic";
				VERSION_INFO_PREFIX = "";
			};
			name = Debug;
		};
		F2520C5D1A3EDAFF0061BB33 /* Release */ = {
			isa = XCBuildConfiguration;
			buildSettings = {
				ALWAYS_SEARCH_USER_PATHS = NO;
				CLANG_CXX_LANGUAGE_STANDARD = "gnu++0x";
				CLANG_CXX_LIBRARY = "libc++";
				CLANG_ENABLE_MODULES = YES;
				CLANG_ENABLE_OBJC_ARC = YES;
				CLANG_WARN_BOOL_CONVERSION = YES;
				CLANG_WARN_CONSTANT_CONVERSION = YES;
				CLANG_WARN_DIRECT_OBJC_ISA_USAGE = YES_ERROR;
				CLANG_WARN_EMPTY_BODY = YES;
				CLANG_WARN_ENUM_CONVERSION = YES;
				CLANG_WARN_INT_CONVERSION = YES;
				CLANG_WARN_OBJC_ROOT_CLASS = YES_ERROR;
				CLANG_WARN_UNREACHABLE_CODE = YES;
				CLANG_WARN__DUPLICATE_METHOD_MATCH = YES;
				"CODE_SIGN_IDENTITY[sdk=iphoneos*]" = "iPhone Developer";
				COPY_PHASE_STRIP = YES;
				CURRENT_PROJECT_VERSION = 1;
				ENABLE_NS_ASSERTIONS = NO;
				ENABLE_STRICT_OBJC_MSGSEND = YES;
				GCC_C_LANGUAGE_STANDARD = gnu99;
				GCC_WARN_64_TO_32_BIT_CONVERSION = YES;
				GCC_WARN_ABOUT_RETURN_TYPE = YES_ERROR;
				GCC_WARN_UNDECLARED_SELECTOR = YES;
				GCC_WARN_UNINITIALIZED_AUTOS = YES_AGGRESSIVE;
				GCC_WARN_UNUSED_FUNCTION = YES;
				GCC_WARN_UNUSED_VARIABLE = YES;
				IPHONEOS_DEPLOYMENT_TARGET = 8.0;
				MTL_ENABLE_DEBUG_INFO = NO;
				SDKROOT = iphoneos;
				TARGETED_DEVICE_FAMILY = "1,2";
				VALIDATE_PRODUCT = YES;
				VERSIONING_SYSTEM = "apple-generic";
				VERSION_INFO_PREFIX = "";
			};
			name = Release;
		};
		F2520C5F1A3EDAFF0061BB33 /* Debug */ = {
			isa = XCBuildConfiguration;
			buildSettings = {
				CLANG_ENABLE_MODULES = YES;
				DEFINES_MODULE = YES;
				DYLIB_COMPATIBILITY_VERSION = 1;
				DYLIB_CURRENT_VERSION = 1;
				DYLIB_INSTALL_NAME_BASE = "@rpath";
				INFOPLIST_FILE = "$(SRCROOT)/Library/MapleBacon/MapleBacon/Info.plist";
				INSTALL_PATH = "$(LOCAL_LIBRARY_DIR)/Frameworks";
				LD_RUNPATH_SEARCH_PATHS = "$(inherited) @executable_path/Frameworks @loader_path/Frameworks";
				LIBRARY_SEARCH_PATHS = (
					"$(inherited)",
					"$(SDKROOT)/usr/lib/system",
				);
				PRODUCT_BUNDLE_IDENTIFIER = com.zalando.MapleBacon;
				PRODUCT_NAME = "$(TARGET_NAME)";
				SKIP_INSTALL = YES;
				SWIFT_OPTIMIZATION_LEVEL = "-Onone";
			};
			name = Debug;
		};
		F2520C601A3EDAFF0061BB33 /* Release */ = {
			isa = XCBuildConfiguration;
			buildSettings = {
				CLANG_ENABLE_MODULES = YES;
				DEFINES_MODULE = YES;
				DYLIB_COMPATIBILITY_VERSION = 1;
				DYLIB_CURRENT_VERSION = 1;
				DYLIB_INSTALL_NAME_BASE = "@rpath";
				INFOPLIST_FILE = "$(SRCROOT)/Library/MapleBacon/MapleBacon/Info.plist";
				INSTALL_PATH = "$(LOCAL_LIBRARY_DIR)/Frameworks";
				LD_RUNPATH_SEARCH_PATHS = "$(inherited) @executable_path/Frameworks @loader_path/Frameworks";
				LIBRARY_SEARCH_PATHS = (
					"$(inherited)",
					"$(SDKROOT)/usr/lib/system",
				);
				PRODUCT_BUNDLE_IDENTIFIER = com.zalando.MapleBacon;
				PRODUCT_NAME = "$(TARGET_NAME)";
				SKIP_INSTALL = YES;
			};
			name = Release;
		};
		F2520C621A3EDAFF0061BB33 /* Debug */ = {
			isa = XCBuildConfiguration;
			buildSettings = {
				FRAMEWORK_SEARCH_PATHS = (
					"$(SDKROOT)/Developer/Library/Frameworks",
					"$(inherited)",
				);
				GCC_PREPROCESSOR_DEFINITIONS = (
					"DEBUG=1",
					"$(inherited)",
				);
				INFOPLIST_FILE = "$(SRCROOT)/Library/MapleBacon/MapleBaconTests/Info.plist";
				LD_RUNPATH_SEARCH_PATHS = "$(inherited) @executable_path/Frameworks @loader_path/Frameworks";
				PRODUCT_NAME = "$(TARGET_NAME)";
			};
			name = Debug;
		};
		F2520C631A3EDAFF0061BB33 /* Release */ = {
			isa = XCBuildConfiguration;
			buildSettings = {
				FRAMEWORK_SEARCH_PATHS = (
					"$(SDKROOT)/Developer/Library/Frameworks",
					"$(inherited)",
				);
				INFOPLIST_FILE = "$(SRCROOT)/Library/MapleBacon/MapleBaconTests/Info.plist";
				LD_RUNPATH_SEARCH_PATHS = "$(inherited) @executable_path/Frameworks @loader_path/Frameworks";
				PRODUCT_NAME = "$(TARGET_NAME)";
			};
			name = Release;
		};
/* End XCBuildConfiguration section */

/* Begin XCConfigurationList section */
		946B98621C0C432C00B0276E /* Build configuration list for PBXNativeTarget "MapleBacon-tvOS" */ = {
			isa = XCConfigurationList;
			buildConfigurations = (
				946B98601C0C432C00B0276E /* Debug */,
				946B98611C0C432C00B0276E /* Release */,
			);
			defaultConfigurationIsVisible = 0;
			defaultConfigurationName = Release;
		};
		F2520C421A3EDAFE0061BB33 /* Build configuration list for PBXProject "MapleBacon" */ = {
			isa = XCConfigurationList;
			buildConfigurations = (
				F2520C5C1A3EDAFF0061BB33 /* Debug */,
				F2520C5D1A3EDAFF0061BB33 /* Release */,
			);
			defaultConfigurationIsVisible = 0;
			defaultConfigurationName = Release;
		};
		F2520C5E1A3EDAFF0061BB33 /* Build configuration list for PBXNativeTarget "MapleBacon" */ = {
			isa = XCConfigurationList;
			buildConfigurations = (
				F2520C5F1A3EDAFF0061BB33 /* Debug */,
				F2520C601A3EDAFF0061BB33 /* Release */,
			);
			defaultConfigurationIsVisible = 0;
			defaultConfigurationName = Release;
		};
		F2520C611A3EDAFF0061BB33 /* Build configuration list for PBXNativeTarget "MapleBaconTests" */ = {
			isa = XCConfigurationList;
			buildConfigurations = (
				F2520C621A3EDAFF0061BB33 /* Debug */,
				F2520C631A3EDAFF0061BB33 /* Release */,
			);
			defaultConfigurationIsVisible = 0;
			defaultConfigurationName = Release;
		};
/* End XCConfigurationList section */
	};
	rootObject = F2520C3F1A3EDAFE0061BB33 /* Project object */;
}
